
Microsoft Visual Studio Solution File, Format Version 12.00
# Visual Studio Version 16
VisualStudioVersion = 16.0.34407.143
MinimumVisualStudioVersion = 10.0.40219.1
Project("{8BC9CEB8-8B4A-11D0-8D11-00A0C91BC942}") = "202405130837_Cpp", "202405130837_Cpp\202405130837_Cpp.vcxproj", "{96F7F9FD-3CA8-43ED-B55F-8F3B2CBC429E}"
EndProject
Project("{8BC9CEB8-8B4A-11D0-8D11-00A0C91BC942}") = "202405140915", "202405140915\202405140915.vcxproj", "{B6A38291-D14F-4D22-9849-1D832736C29C}"
EndProject
Project("{8BC9CEB8-8B4A-11D0-8D11-00A0C91BC942}") = "202405140920", "202405140920\202405140920.vcxproj", "{97BBAFFC-7302-48A3-8036-BF69A10A5D1B}"
EndProject
Project("{8BC9CEB8-8B4A-11D0-8D11-00A0C91BC942}") = "202405141020", "202405141020\202405141020.vcxproj", "{02A0B46A-B8D9-4D94-ADAA-A80D49929B97}"
EndProject
Project("{8BC9CEB8-8B4A-11D0-8D11-00A0C91BC942}") = "202405160900", "202405160900\202405160900.vcxproj", "{7354926C-6CE5-4D88-8B99-470A969D1E0F}"
EndProject
Project("{8BC9CEB8-8B4A-11D0-8D11-00A0C91BC942}") = "202405170902", "202405170902\202405170902.vcxproj", "{D3AB3286-F0F4-4994-930B-9C8C6F418A69}"
EndProject
Project("{8BC9CEB8-8B4A-11D0-8D11-00A0C91BC942}") = "202405170950", "202405170950\202405170950.vcxproj", "{2611F73C-B628-408D-AF43-5FE6DA629213}"
EndProject
Project("{8BC9CEB8-8B4A-11D0-8D11-00A0C91BC942}") = "202405171041", "202405171041\202405171041.vcxproj", "{F905CD9F-D29E-4BA7-A3D5-6F59A7647876}"
EndProject
Project("{8BC9CEB8-8B4A-11D0-8D11-00A0C91BC942}") = "202405211015_ConstFunction", "202405211015_ConstFunction\202405211015_ConstFunction.vcxproj", "{A132FDD9-3832-4527-B35E-1056D9B3CB0A}"
EndProject
Project("{8BC9CEB8-8B4A-11D0-8D11-00A0C91BC942}") = "202405200900_Variable", "202405200900_Variable\202405200900_Variable.vcxproj", "{5924EAB2-5904-43CA-96AD-A7D94A83696D}"
EndProject
Project("{8BC9CEB8-8B4A-11D0-8D11-00A0C91BC942}") = "202405201000_DynamicArray", "202405201000_DynamicArray\202405201000_DynamicArray.vcxproj", "{7E60001D-B524-446C-BB4A-A4141E5DFF68}"
EndProject
Project("{8BC9CEB8-8B4A-11D0-8D11-00A0C91BC942}") = "202405210920_Copyconstructor", "202405210920_Copyconstructor\202405210920_Copyconstructor.vcxproj", "{0B3DF1F5-58F8-4132-9499-B5ADB1FB4DA7}"
EndProject
Project("{8BC9CEB8-8B4A-11D0-8D11-00A0C91BC942}") = "202405210942_Copyconstructor", "202405210942_Copyconstructor\202405210942_Copyconstructor.vcxproj", "{2EC092F3-CABE-44D3-8C5A-9C22644430B9}"
EndProject
Project("{8BC9CEB8-8B4A-11D0-8D11-00A0C91BC942}") = "202405211100_Inheritance", "202405211100_Inheritance\202405211100_Inheritance.vcxproj", "{1CE378F1-07E7-425D-A622-1AB8238B5E75}"
EndProject
Project("{8BC9CEB8-8B4A-11D0-8D11-00A0C91BC942}") = "202405221014_Inheritance_Specialization", "202405221014_Inheritance_Specialization\202405221014_Inheritance_Specialization.vcxproj", "{32A32E8D-7DE5-4B37-8E8B-86F71F2AC7AC}"
EndProject
Project("{8BC9CEB8-8B4A-11D0-8D11-00A0C91BC942}") = "202405230900_Inheritance_Specialization", "202405230900_Inheritance_Specialization\202405230900_Inheritance_Specialization.vcxproj", "{EC050F2A-21C8-40D7-8CF0-AE0A2E485ADD}"
EndProject
Project("{8BC9CEB8-8B4A-11D0-8D11-00A0C91BC942}") = "202405230920_Inheritance_Extend", "202405230920_Inheritance_Extend\202405230920_Inheritance_Extend.vcxproj", "{E76A4F75-E4C4-41CD-A523-5B4F78333009}"
EndProject
Project("{8BC9CEB8-8B4A-11D0-8D11-00A0C91BC942}") = "202405231030_Inheritance_accessor", "202405231030_Inheritance_accessor\202405231030_Inheritance_accessor.vcxproj", "{E548694A-BD0A-49DD-B618-8EED76CDB22E}"
EndProject
Project("{8BC9CEB8-8B4A-11D0-8D11-00A0C91BC942}") = "202405231100_Inheritance_order", "202405231100_Inheritance_order\202405231100_Inheritance_order.vcxproj", "{0D48558F-C448-4746-99FA-4DBA42E0F115}"
EndProject
Project("{8BC9CEB8-8B4A-11D0-8D11-00A0C91BC942}") = "202405231110_UpCasting", "202405231110_UpCasting\202405231110_UpCasting.vcxproj", "{360C999B-C2BC-4C10-BAB4-785BF3A0FF8B}"
EndProject
Project("{8BC9CEB8-8B4A-11D0-8D11-00A0C91BC942}") = "202405240923_UpCasting", "202405240923_UpCasting\202405240923_UpCasting.vcxproj", "{C6BD0C8F-D8B9-4015-ADB8-3EAB9DEF5A22}"
EndProject
Project("{8BC9CEB8-8B4A-11D0-8D11-00A0C91BC942}") = "202405241010_Composition", "202405241010_Composition\202405241010_Composition.vcxproj", "{A5FB9417-6638-4291-8E17-4D1635359172}"
EndProject
Project("{8BC9CEB8-8B4A-11D0-8D11-00A0C91BC942}") = "202405241040_Composition_Shape", "202405241040_Composition_Shape\202405241040_Composition_Shape.vcxproj", "{79A2CEE4-8A3A-4607-822D-DEA1D1AC065D}"
EndProject
Global
	GlobalSection(SolutionConfigurationPlatforms) = preSolution
		Debug|x64 = Debug|x64
		Debug|x86 = Debug|x86
		Release|x64 = Release|x64
		Release|x86 = Release|x86
	EndGlobalSection
	GlobalSection(ProjectConfigurationPlatforms) = postSolution
		{96F7F9FD-3CA8-43ED-B55F-8F3B2CBC429E}.Debug|x64.ActiveCfg = Debug|x64
		{96F7F9FD-3CA8-43ED-B55F-8F3B2CBC429E}.Debug|x64.Build.0 = Debug|x64
		{96F7F9FD-3CA8-43ED-B55F-8F3B2CBC429E}.Debug|x86.ActiveCfg = Debug|Win32
		{96F7F9FD-3CA8-43ED-B55F-8F3B2CBC429E}.Debug|x86.Build.0 = Debug|Win32
		{96F7F9FD-3CA8-43ED-B55F-8F3B2CBC429E}.Release|x64.ActiveCfg = Release|x64
		{96F7F9FD-3CA8-43ED-B55F-8F3B2CBC429E}.Release|x64.Build.0 = Release|x64
		{96F7F9FD-3CA8-43ED-B55F-8F3B2CBC429E}.Release|x86.ActiveCfg = Release|Win32
		{96F7F9FD-3CA8-43ED-B55F-8F3B2CBC429E}.Release|x86.Build.0 = Release|Win32
		{B6A38291-D14F-4D22-9849-1D832736C29C}.Debug|x64.ActiveCfg = Debug|x64
		{B6A38291-D14F-4D22-9849-1D832736C29C}.Debug|x64.Build.0 = Debug|x64
		{B6A38291-D14F-4D22-9849-1D832736C29C}.Debug|x86.ActiveCfg = Debug|Win32
		{B6A38291-D14F-4D22-9849-1D832736C29C}.Debug|x86.Build.0 = Debug|Win32
		{B6A38291-D14F-4D22-9849-1D832736C29C}.Release|x64.ActiveCfg = Release|x64
		{B6A38291-D14F-4D22-9849-1D832736C29C}.Release|x64.Build.0 = Release|x64
		{B6A38291-D14F-4D22-9849-1D832736C29C}.Release|x86.ActiveCfg = Release|Win32
		{B6A38291-D14F-4D22-9849-1D832736C29C}.Release|x86.Build.0 = Release|Win32
		{97BBAFFC-7302-48A3-8036-BF69A10A5D1B}.Debug|x64.ActiveCfg = Debug|x64
		{97BBAFFC-7302-48A3-8036-BF69A10A5D1B}.Debug|x64.Build.0 = Debug|x64
		{97BBAFFC-7302-48A3-8036-BF69A10A5D1B}.Debug|x86.ActiveCfg = Debug|Win32
		{97BBAFFC-7302-48A3-8036-BF69A10A5D1B}.Debug|x86.Build.0 = Debug|Win32
		{97BBAFFC-7302-48A3-8036-BF69A10A5D1B}.Release|x64.ActiveCfg = Release|x64
		{97BBAFFC-7302-48A3-8036-BF69A10A5D1B}.Release|x64.Build.0 = Release|x64
		{97BBAFFC-7302-48A3-8036-BF69A10A5D1B}.Release|x86.ActiveCfg = Release|Win32
		{97BBAFFC-7302-48A3-8036-BF69A10A5D1B}.Release|x86.Build.0 = Release|Win32
		{02A0B46A-B8D9-4D94-ADAA-A80D49929B97}.Debug|x64.ActiveCfg = Debug|x64
		{02A0B46A-B8D9-4D94-ADAA-A80D49929B97}.Debug|x64.Build.0 = Debug|x64
		{02A0B46A-B8D9-4D94-ADAA-A80D49929B97}.Debug|x86.ActiveCfg = Debug|Win32
		{02A0B46A-B8D9-4D94-ADAA-A80D49929B97}.Debug|x86.Build.0 = Debug|Win32
		{02A0B46A-B8D9-4D94-ADAA-A80D49929B97}.Release|x64.ActiveCfg = Release|x64
		{02A0B46A-B8D9-4D94-ADAA-A80D49929B97}.Release|x64.Build.0 = Release|x64
		{02A0B46A-B8D9-4D94-ADAA-A80D49929B97}.Release|x86.ActiveCfg = Release|Win32
		{02A0B46A-B8D9-4D94-ADAA-A80D49929B97}.Release|x86.Build.0 = Release|Win32
		{7354926C-6CE5-4D88-8B99-470A969D1E0F}.Debug|x64.ActiveCfg = Debug|x64
		{7354926C-6CE5-4D88-8B99-470A969D1E0F}.Debug|x64.Build.0 = Debug|x64
		{7354926C-6CE5-4D88-8B99-470A969D1E0F}.Debug|x86.ActiveCfg = Debug|Win32
		{7354926C-6CE5-4D88-8B99-470A969D1E0F}.Debug|x86.Build.0 = Debug|Win32
		{7354926C-6CE5-4D88-8B99-470A969D1E0F}.Release|x64.ActiveCfg = Release|x64
		{7354926C-6CE5-4D88-8B99-470A969D1E0F}.Release|x64.Build.0 = Release|x64
		{7354926C-6CE5-4D88-8B99-470A969D1E0F}.Release|x86.ActiveCfg = Release|Win32
		{7354926C-6CE5-4D88-8B99-470A969D1E0F}.Release|x86.Build.0 = Release|Win32
		{D3AB3286-F0F4-4994-930B-9C8C6F418A69}.Debug|x64.ActiveCfg = Debug|x64
		{D3AB3286-F0F4-4994-930B-9C8C6F418A69}.Debug|x64.Build.0 = Debug|x64
		{D3AB3286-F0F4-4994-930B-9C8C6F418A69}.Debug|x86.ActiveCfg = Debug|Win32
		{D3AB3286-F0F4-4994-930B-9C8C6F418A69}.Debug|x86.Build.0 = Debug|Win32
		{D3AB3286-F0F4-4994-930B-9C8C6F418A69}.Release|x64.ActiveCfg = Release|x64
		{D3AB3286-F0F4-4994-930B-9C8C6F418A69}.Release|x64.Build.0 = Release|x64
		{D3AB3286-F0F4-4994-930B-9C8C6F418A69}.Release|x86.ActiveCfg = Release|Win32
		{D3AB3286-F0F4-4994-930B-9C8C6F418A69}.Release|x86.Build.0 = Release|Win32
		{2611F73C-B628-408D-AF43-5FE6DA629213}.Debug|x64.ActiveCfg = Debug|x64
		{2611F73C-B628-408D-AF43-5FE6DA629213}.Debug|x64.Build.0 = Debug|x64
		{2611F73C-B628-408D-AF43-5FE6DA629213}.Debug|x86.ActiveCfg = Debug|Win32
		{2611F73C-B628-408D-AF43-5FE6DA629213}.Debug|x86.Build.0 = Debug|Win32
		{2611F73C-B628-408D-AF43-5FE6DA629213}.Release|x64.ActiveCfg = Release|x64
		{2611F73C-B628-408D-AF43-5FE6DA629213}.Release|x64.Build.0 = Release|x64
		{2611F73C-B628-408D-AF43-5FE6DA629213}.Release|x86.ActiveCfg = Release|Win32
		{2611F73C-B628-408D-AF43-5FE6DA629213}.Release|x86.Build.0 = Release|Win32
		{F905CD9F-D29E-4BA7-A3D5-6F59A7647876}.Debug|x64.ActiveCfg = Debug|x64
		{F905CD9F-D29E-4BA7-A3D5-6F59A7647876}.Debug|x64.Build.0 = Debug|x64
		{F905CD9F-D29E-4BA7-A3D5-6F59A7647876}.Debug|x86.ActiveCfg = Debug|Win32
		{F905CD9F-D29E-4BA7-A3D5-6F59A7647876}.Debug|x86.Build.0 = Debug|Win32
		{F905CD9F-D29E-4BA7-A3D5-6F59A7647876}.Release|x64.ActiveCfg = Release|x64
		{F905CD9F-D29E-4BA7-A3D5-6F59A7647876}.Release|x64.Build.0 = Release|x64
		{F905CD9F-D29E-4BA7-A3D5-6F59A7647876}.Release|x86.ActiveCfg = Release|Win32
		{F905CD9F-D29E-4BA7-A3D5-6F59A7647876}.Release|x86.Build.0 = Release|Win32
		{A132FDD9-3832-4527-B35E-1056D9B3CB0A}.Debug|x64.ActiveCfg = Debug|x64
		{A132FDD9-3832-4527-B35E-1056D9B3CB0A}.Debug|x64.Build.0 = Debug|x64
		{A132FDD9-3832-4527-B35E-1056D9B3CB0A}.Debug|x86.ActiveCfg = Debug|Win32
		{A132FDD9-3832-4527-B35E-1056D9B3CB0A}.Debug|x86.Build.0 = Debug|Win32
		{A132FDD9-3832-4527-B35E-1056D9B3CB0A}.Release|x64.ActiveCfg = Release|x64
		{A132FDD9-3832-4527-B35E-1056D9B3CB0A}.Release|x64.Build.0 = Release|x64
		{A132FDD9-3832-4527-B35E-1056D9B3CB0A}.Release|x86.ActiveCfg = Release|Win32
		{A132FDD9-3832-4527-B35E-1056D9B3CB0A}.Release|x86.Build.0 = Release|Win32
		{5924EAB2-5904-43CA-96AD-A7D94A83696D}.Debug|x64.ActiveCfg = Debug|x64
		{5924EAB2-5904-43CA-96AD-A7D94A83696D}.Debug|x64.Build.0 = Debug|x64
		{5924EAB2-5904-43CA-96AD-A7D94A83696D}.Debug|x86.ActiveCfg = Debug|Win32
		{5924EAB2-5904-43CA-96AD-A7D94A83696D}.Debug|x86.Build.0 = Debug|Win32
		{5924EAB2-5904-43CA-96AD-A7D94A83696D}.Release|x64.ActiveCfg = Release|x64
		{5924EAB2-5904-43CA-96AD-A7D94A83696D}.Release|x64.Build.0 = Release|x64
		{5924EAB2-5904-43CA-96AD-A7D94A83696D}.Release|x86.ActiveCfg = Release|Win32
		{5924EAB2-5904-43CA-96AD-A7D94A83696D}.Release|x86.Build.0 = Release|Win32
		{7E60001D-B524-446C-BB4A-A4141E5DFF68}.Debug|x64.ActiveCfg = Debug|x64
		{7E60001D-B524-446C-BB4A-A4141E5DFF68}.Debug|x64.Build.0 = Debug|x64
		{7E60001D-B524-446C-BB4A-A4141E5DFF68}.Debug|x86.ActiveCfg = Debug|Win32
		{7E60001D-B524-446C-BB4A-A4141E5DFF68}.Debug|x86.Build.0 = Debug|Win32
		{7E60001D-B524-446C-BB4A-A4141E5DFF68}.Release|x64.ActiveCfg = Release|x64
		{7E60001D-B524-446C-BB4A-A4141E5DFF68}.Release|x64.Build.0 = Release|x64
		{7E60001D-B524-446C-BB4A-A4141E5DFF68}.Release|x86.ActiveCfg = Release|Win32
		{7E60001D-B524-446C-BB4A-A4141E5DFF68}.Release|x86.Build.0 = Release|Win32
		{0B3DF1F5-58F8-4132-9499-B5ADB1FB4DA7}.Debug|x64.ActiveCfg = Debug|x64
		{0B3DF1F5-58F8-4132-9499-B5ADB1FB4DA7}.Debug|x64.Build.0 = Debug|x64
		{0B3DF1F5-58F8-4132-9499-B5ADB1FB4DA7}.Debug|x86.ActiveCfg = Debug|Win32
		{0B3DF1F5-58F8-4132-9499-B5ADB1FB4DA7}.Debug|x86.Build.0 = Debug|Win32
		{0B3DF1F5-58F8-4132-9499-B5ADB1FB4DA7}.Release|x64.ActiveCfg = Release|x64
		{0B3DF1F5-58F8-4132-9499-B5ADB1FB4DA7}.Release|x64.Build.0 = Release|x64
		{0B3DF1F5-58F8-4132-9499-B5ADB1FB4DA7}.Release|x86.ActiveCfg = Release|Win32
		{0B3DF1F5-58F8-4132-9499-B5ADB1FB4DA7}.Release|x86.Build.0 = Release|Win32
		{2EC092F3-CABE-44D3-8C5A-9C22644430B9}.Debug|x64.ActiveCfg = Debug|x64
		{2EC092F3-CABE-44D3-8C5A-9C22644430B9}.Debug|x64.Build.0 = Debug|x64
		{2EC092F3-CABE-44D3-8C5A-9C22644430B9}.Debug|x86.ActiveCfg = Debug|Win32
		{2EC092F3-CABE-44D3-8C5A-9C22644430B9}.Debug|x86.Build.0 = Debug|Win32
		{2EC092F3-CABE-44D3-8C5A-9C22644430B9}.Release|x64.ActiveCfg = Release|x64
		{2EC092F3-CABE-44D3-8C5A-9C22644430B9}.Release|x64.Build.0 = Release|x64
		{2EC092F3-CABE-44D3-8C5A-9C22644430B9}.Release|x86.ActiveCfg = Release|Win32
		{2EC092F3-CABE-44D3-8C5A-9C22644430B9}.Release|x86.Build.0 = Release|Win32
		{1CE378F1-07E7-425D-A622-1AB8238B5E75}.Debug|x64.ActiveCfg = Debug|x64
		{1CE378F1-07E7-425D-A622-1AB8238B5E75}.Debug|x64.Build.0 = Debug|x64
		{1CE378F1-07E7-425D-A622-1AB8238B5E75}.Debug|x86.ActiveCfg = Debug|Win32
		{1CE378F1-07E7-425D-A622-1AB8238B5E75}.Debug|x86.Build.0 = Debug|Win32
		{1CE378F1-07E7-425D-A622-1AB8238B5E75}.Release|x64.ActiveCfg = Release|x64
		{1CE378F1-07E7-425D-A622-1AB8238B5E75}.Release|x64.Build.0 = Release|x64
		{1CE378F1-07E7-425D-A622-1AB8238B5E75}.Release|x86.ActiveCfg = Release|Win32
		{1CE378F1-07E7-425D-A622-1AB8238B5E75}.Release|x86.Build.0 = Release|Win32
		{32A32E8D-7DE5-4B37-8E8B-86F71F2AC7AC}.Debug|x64.ActiveCfg = Debug|x64
		{32A32E8D-7DE5-4B37-8E8B-86F71F2AC7AC}.Debug|x64.Build.0 = Debug|x64
		{32A32E8D-7DE5-4B37-8E8B-86F71F2AC7AC}.Debug|x86.ActiveCfg = Debug|Win32
		{32A32E8D-7DE5-4B37-8E8B-86F71F2AC7AC}.Debug|x86.Build.0 = Debug|Win32
		{32A32E8D-7DE5-4B37-8E8B-86F71F2AC7AC}.Release|x64.ActiveCfg = Release|x64
		{32A32E8D-7DE5-4B37-8E8B-86F71F2AC7AC}.Release|x64.Build.0 = Release|x64
		{32A32E8D-7DE5-4B37-8E8B-86F71F2AC7AC}.Release|x86.ActiveCfg = Release|Win32
		{32A32E8D-7DE5-4B37-8E8B-86F71F2AC7AC}.Release|x86.Build.0 = Release|Win32
		{EC050F2A-21C8-40D7-8CF0-AE0A2E485ADD}.Debug|x64.ActiveCfg = Debug|x64
		{EC050F2A-21C8-40D7-8CF0-AE0A2E485ADD}.Debug|x64.Build.0 = Debug|x64
		{EC050F2A-21C8-40D7-8CF0-AE0A2E485ADD}.Debug|x86.ActiveCfg = Debug|Win32
		{EC050F2A-21C8-40D7-8CF0-AE0A2E485ADD}.Debug|x86.Build.0 = Debug|Win32
		{EC050F2A-21C8-40D7-8CF0-AE0A2E485ADD}.Release|x64.ActiveCfg = Release|x64
		{EC050F2A-21C8-40D7-8CF0-AE0A2E485ADD}.Release|x64.Build.0 = Release|x64
		{EC050F2A-21C8-40D7-8CF0-AE0A2E485ADD}.Release|x86.ActiveCfg = Release|Win32
		{EC050F2A-21C8-40D7-8CF0-AE0A2E485ADD}.Release|x86.Build.0 = Release|Win32
		{E76A4F75-E4C4-41CD-A523-5B4F78333009}.Debug|x64.ActiveCfg = Debug|x64
		{E76A4F75-E4C4-41CD-A523-5B4F78333009}.Debug|x64.Build.0 = Debug|x64
		{E76A4F75-E4C4-41CD-A523-5B4F78333009}.Debug|x86.ActiveCfg = Debug|Win32
		{E76A4F75-E4C4-41CD-A523-5B4F78333009}.Debug|x86.Build.0 = Debug|Win32
		{E76A4F75-E4C4-41CD-A523-5B4F78333009}.Release|x64.ActiveCfg = Release|x64
		{E76A4F75-E4C4-41CD-A523-5B4F78333009}.Release|x64.Build.0 = Release|x64
		{E76A4F75-E4C4-41CD-A523-5B4F78333009}.Release|x86.ActiveCfg = Release|Win32
		{E76A4F75-E4C4-41CD-A523-5B4F78333009}.Release|x86.Build.0 = Release|Win32
		{E548694A-BD0A-49DD-B618-8EED76CDB22E}.Debug|x64.ActiveCfg = Debug|x64
		{E548694A-BD0A-49DD-B618-8EED76CDB22E}.Debug|x64.Build.0 = Debug|x64
		{E548694A-BD0A-49DD-B618-8EED76CDB22E}.Debug|x86.ActiveCfg = Debug|Win32
		{E548694A-BD0A-49DD-B618-8EED76CDB22E}.Debug|x86.Build.0 = Debug|Win32
		{E548694A-BD0A-49DD-B618-8EED76CDB22E}.Release|x64.ActiveCfg = Release|x64
		{E548694A-BD0A-49DD-B618-8EED76CDB22E}.Release|x64.Build.0 = Release|x64
		{E548694A-BD0A-49DD-B618-8EED76CDB22E}.Release|x86.ActiveCfg = Release|Win32
		{E548694A-BD0A-49DD-B618-8EED76CDB22E}.Release|x86.Build.0 = Release|Win32
		{0D48558F-C448-4746-99FA-4DBA42E0F115}.Debug|x64.ActiveCfg = Debug|x64
		{0D48558F-C448-4746-99FA-4DBA42E0F115}.Debug|x64.Build.0 = Debug|x64
		{0D48558F-C448-4746-99FA-4DBA42E0F115}.Debug|x86.ActiveCfg = Debug|Win32
		{0D48558F-C448-4746-99FA-4DBA42E0F115}.Debug|x86.Build.0 = Debug|Win32
		{0D48558F-C448-4746-99FA-4DBA42E0F115}.Release|x64.ActiveCfg = Release|x64
		{0D48558F-C448-4746-99FA-4DBA42E0F115}.Release|x64.Build.0 = Release|x64
		{0D48558F-C448-4746-99FA-4DBA42E0F115}.Release|x86.ActiveCfg = Release|Win32
		{0D48558F-C448-4746-99FA-4DBA42E0F115}.Release|x86.Build.0 = Release|Win32
		{360C999B-C2BC-4C10-BAB4-785BF3A0FF8B}.Debug|x64.ActiveCfg = Debug|x64
		{360C999B-C2BC-4C10-BAB4-785BF3A0FF8B}.Debug|x64.Build.0 = Debug|x64
		{360C999B-C2BC-4C10-BAB4-785BF3A0FF8B}.Debug|x86.ActiveCfg = Debug|Win32
		{360C999B-C2BC-4C10-BAB4-785BF3A0FF8B}.Debug|x86.Build.0 = Debug|Win32
		{360C999B-C2BC-4C10-BAB4-785BF3A0FF8B}.Release|x64.ActiveCfg = Release|x64
		{360C999B-C2BC-4C10-BAB4-785BF3A0FF8B}.Release|x64.Build.0 = Release|x64
		{360C999B-C2BC-4C10-BAB4-785BF3A0FF8B}.Release|x86.ActiveCfg = Release|Win32
		{360C999B-C2BC-4C10-BAB4-785BF3A0FF8B}.Release|x86.Build.0 = Release|Win32
		{C6BD0C8F-D8B9-4015-ADB8-3EAB9DEF5A22}.Debug|x64.ActiveCfg = Debug|x64
		{C6BD0C8F-D8B9-4015-ADB8-3EAB9DEF5A22}.Debug|x64.Build.0 = Debug|x64
		{C6BD0C8F-D8B9-4015-ADB8-3EAB9DEF5A22}.Debug|x86.ActiveCfg = Debug|Win32
		{C6BD0C8F-D8B9-4015-ADB8-3EAB9DEF5A22}.Debug|x86.Build.0 = Debug|Win32
		{C6BD0C8F-D8B9-4015-ADB8-3EAB9DEF5A22}.Release|x64.ActiveCfg = Release|x64
		{C6BD0C8F-D8B9-4015-ADB8-3EAB9DEF5A22}.Release|x64.Build.0 = Release|x64
		{C6BD0C8F-D8B9-4015-ADB8-3EAB9DEF5A22}.Release|x86.ActiveCfg = Release|Win32
		{C6BD0C8F-D8B9-4015-ADB8-3EAB9DEF5A22}.Release|x86.Build.0 = Release|Win32
		{A5FB9417-6638-4291-8E17-4D1635359172}.Debug|x64.ActiveCfg = Debug|x64
		{A5FB9417-6638-4291-8E17-4D1635359172}.Debug|x64.Build.0 = Debug|x64
		{A5FB9417-6638-4291-8E17-4D1635359172}.Debug|x86.ActiveCfg = Debug|Win32
		{A5FB9417-6638-4291-8E17-4D1635359172}.Debug|x86.Build.0 = Debug|Win32
		{A5FB9417-6638-4291-8E17-4D1635359172}.Release|x64.ActiveCfg = Release|x64
		{A5FB9417-6638-4291-8E17-4D1635359172}.Release|x64.Build.0 = Release|x64
		{A5FB9417-6638-4291-8E17-4D1635359172}.Release|x86.ActiveCfg = Release|Win32
		{A5FB9417-6638-4291-8E17-4D1635359172}.Release|x86.Build.0 = Release|Win32
		{79A2CEE4-8A3A-4607-822D-DEA1D1AC065D}.Debug|x64.ActiveCfg = Debug|x64
		{79A2CEE4-8A3A-4607-822D-DEA1D1AC065D}.Debug|x64.Build.0 = Debug|x64
		{79A2CEE4-8A3A-4607-822D-DEA1D1AC065D}.Debug|x86.ActiveCfg = Debug|Win32
		{79A2CEE4-8A3A-4607-822D-DEA1D1AC065D}.Debug|x86.Build.0 = Debug|Win32
		{79A2CEE4-8A3A-4607-822D-DEA1D1AC065D}.Release|x64.ActiveCfg = Release|x64
		{79A2CEE4-8A3A-4607-822D-DEA1D1AC065D}.Release|x64.Build.0 = Release|x64
		{79A2CEE4-8A3A-4607-822D-DEA1D1AC065D}.Release|x86.ActiveCfg = Release|Win32
		{79A2CEE4-8A3A-4607-822D-DEA1D1AC065D}.Release|x86.Build.0 = Release|Win32
	EndGlobalSection
	GlobalSection(SolutionProperties) = preSolution
		HideSolutionNode = FALSE
	EndGlobalSection
	GlobalSection(ExtensibilityGlobals) = postSolution
		SolutionGuid = {4377F560-A041-4CB1-AE0C-E917756B4170}
	EndGlobalSection
EndGlobal
